// !$*UTF8*$!
{
	archiveVersion = 1;
	classes = {
	};
	objectVersion = 46;
	objects = {

/* Begin PBXBuildFile section */
		8F3AFC8B1F1D443D00C94917 /* AppDelegate.swift in Sources */ = {isa = PBXBuildFile; fileRef = 8F3AFC8A1F1D443D00C94917 /* AppDelegate.swift */; };
		8F3AFC921F1D443D00C94917 /* Assets.xcassets in Resources */ = {isa = PBXBuildFile; fileRef = 8F3AFC911F1D443D00C94917 /* Assets.xcassets */; };
		8F3AFC951F1D443D00C94917 /* LaunchScreen.storyboard in Resources */ = {isa = PBXBuildFile; fileRef = 8F3AFC931F1D443D00C94917 /* LaunchScreen.storyboard */; };
		8F3AFCA41F1D451600C94917 /* BaseViewController.swift in Sources */ = {isa = PBXBuildFile; fileRef = 8F3AFCA31F1D451600C94917 /* BaseViewController.swift */; };
		8F3AFCA91F1D488000C94917 /* BaseRequest.swift in Sources */ = {isa = PBXBuildFile; fileRef = 8F3AFCA81F1D488000C94917 /* BaseRequest.swift */; };
		8F3AFCAB1F1D48BD00C94917 /* RestuarantsViewController.swift in Sources */ = {isa = PBXBuildFile; fileRef = 8F3AFCAA1F1D48BD00C94917 /* RestuarantsViewController.swift */; };
		8F3AFCAD1F1D4B7D00C94917 /* CategoryResponse.swift in Sources */ = {isa = PBXBuildFile; fileRef = 8F3AFCAC1F1D4B7D00C94917 /* CategoryResponse.swift */; };
		8F3AFCAF1F1D4BFF00C94917 /* Category.swift in Sources */ = {isa = PBXBuildFile; fileRef = 8F3AFCAE1F1D4BFF00C94917 /* Category.swift */; };
		8F3AFCB11F1D4C3100C94917 /* SubCategory.swift in Sources */ = {isa = PBXBuildFile; fileRef = 8F3AFCB01F1D4C3100C94917 /* SubCategory.swift */; };
		8F3AFCB31F1D4CBF00C94917 /* CategoryRequest.swift in Sources */ = {isa = PBXBuildFile; fileRef = 8F3AFCB21F1D4CBF00C94917 /* CategoryRequest.swift */; };
		8F3AFCB61F1D4D6200C94917 /* Utils.swift in Sources */ = {isa = PBXBuildFile; fileRef = 8F3AFCB51F1D4D6200C94917 /* Utils.swift */; };
		8F3AFCB81F1D4E5A00C94917 /* AlmofireRequestExtensions.swift in Sources */ = {isa = PBXBuildFile; fileRef = 8F3AFCB71F1D4E5A00C94917 /* AlmofireRequestExtensions.swift */; };
		8F3AFCBB1F1D4ED600C94917 /* ResturantViewModel.swift in Sources */ = {isa = PBXBuildFile; fileRef = 8F3AFCBA1F1D4ED600C94917 /* ResturantViewModel.swift */; };
		8F3AFCBD1F1D4F0B00C94917 /* APICoordinator.swift in Sources */ = {isa = PBXBuildFile; fileRef = 8F3AFCBC1F1D4F0B00C94917 /* APICoordinator.swift */; };
		8F3AFCBF1F1D502500C94917 /* RestuarantsView.xib in Resources */ = {isa = PBXBuildFile; fileRef = 8F3AFCBE1F1D502500C94917 /* RestuarantsView.xib */; };
		B7C9385B082AB7F849ACE7DF /* Pods_ElmenusDemo.framework in Frameworks */ = {isa = PBXBuildFile; fileRef = 5C591D2E533007A649701393 /* Pods_ElmenusDemo.framework */; };
/* End PBXBuildFile section */

/* Begin PBXFileReference section */
		2D75EE66D064C86C12535A91 /* Pods-ElmenusDemo.release.xcconfig */ = {isa = PBXFileReference; includeInIndex = 1; lastKnownFileType = text.xcconfig; name = "Pods-ElmenusDemo.release.xcconfig"; path = "Pods/Target Support Files/Pods-ElmenusDemo/Pods-ElmenusDemo.release.xcconfig"; sourceTree = "<group>"; };
		402ECD83EF31352828C8A9B0 /* Pods-ElmenusDemo.debug.xcconfig */ = {isa = PBXFileReference; includeInIndex = 1; lastKnownFileType = text.xcconfig; name = "Pods-ElmenusDemo.debug.xcconfig"; path = "Pods/Target Support Files/Pods-ElmenusDemo/Pods-ElmenusDemo.debug.xcconfig"; sourceTree = "<group>"; };
		5C591D2E533007A649701393 /* Pods_ElmenusDemo.framework */ = {isa = PBXFileReference; explicitFileType = wrapper.framework; includeInIndex = 0; path = Pods_ElmenusDemo.framework; sourceTree = BUILT_PRODUCTS_DIR; };
		8F3AFC871F1D443D00C94917 /* ElmenusDemo.app */ = {isa = PBXFileReference; explicitFileType = wrapper.application; includeInIndex = 0; path = ElmenusDemo.app; sourceTree = BUILT_PRODUCTS_DIR; };
		8F3AFC8A1F1D443D00C94917 /* AppDelegate.swift */ = {isa = PBXFileReference; lastKnownFileType = sourcecode.swift; path = AppDelegate.swift; sourceTree = "<group>"; };
		8F3AFC911F1D443D00C94917 /* Assets.xcassets */ = {isa = PBXFileReference; lastKnownFileType = folder.assetcatalog; path = Assets.xcassets; sourceTree = "<group>"; };
		8F3AFC941F1D443D00C94917 /* Base */ = {isa = PBXFileReference; lastKnownFileType = file.storyboard; name = Base; path = Base.lproj/LaunchScreen.storyboard; sourceTree = "<group>"; };
		8F3AFC961F1D443D00C94917 /* Info.plist */ = {isa = PBXFileReference; lastKnownFileType = text.plist.xml; path = Info.plist; sourceTree = "<group>"; };
		8F3AFCA31F1D451600C94917 /* BaseViewController.swift */ = {isa = PBXFileReference; fileEncoding = 4; lastKnownFileType = sourcecode.swift; path = BaseViewController.swift; sourceTree = "<group>"; };
		8F3AFCA81F1D488000C94917 /* BaseRequest.swift */ = {isa = PBXFileReference; fileEncoding = 4; lastKnownFileType = sourcecode.swift; path = BaseRequest.swift; sourceTree = "<group>"; };
		8F3AFCAA1F1D48BD00C94917 /* RestuarantsViewController.swift */ = {isa = PBXFileReference; fileEncoding = 4; lastKnownFileType = sourcecode.swift; path = RestuarantsViewController.swift; sourceTree = "<group>"; };
		8F3AFCAC1F1D4B7D00C94917 /* CategoryResponse.swift */ = {isa = PBXFileReference; fileEncoding = 4; lastKnownFileType = sourcecode.swift; path = CategoryResponse.swift; sourceTree = "<group>"; };
		8F3AFCAE1F1D4BFF00C94917 /* Category.swift */ = {isa = PBXFileReference; fileEncoding = 4; lastKnownFileType = sourcecode.swift; path = Category.swift; sourceTree = "<group>"; };
		8F3AFCB01F1D4C3100C94917 /* SubCategory.swift */ = {isa = PBXFileReference; fileEncoding = 4; lastKnownFileType = sourcecode.swift; path = SubCategory.swift; sourceTree = "<group>"; };
		8F3AFCB21F1D4CBF00C94917 /* CategoryRequest.swift */ = {isa = PBXFileReference; fileEncoding = 4; lastKnownFileType = sourcecode.swift; path = CategoryRequest.swift; sourceTree = "<group>"; };
		8F3AFCB51F1D4D6200C94917 /* Utils.swift */ = {isa = PBXFileReference; fileEncoding = 4; lastKnownFileType = sourcecode.swift; path = Utils.swift; sourceTree = "<group>"; };
		8F3AFCB71F1D4E5A00C94917 /* AlmofireRequestExtensions.swift */ = {isa = PBXFileReference; fileEncoding = 4; lastKnownFileType = sourcecode.swift; path = AlmofireRequestExtensions.swift; sourceTree = "<group>"; };
		8F3AFCBA1F1D4ED600C94917 /* ResturantViewModel.swift */ = {isa = PBXFileReference; fileEncoding = 4; lastKnownFileType = sourcecode.swift; path = ResturantViewModel.swift; sourceTree = "<group>"; };
		8F3AFCBC1F1D4F0B00C94917 /* APICoordinator.swift */ = {isa = PBXFileReference; fileEncoding = 4; lastKnownFileType = sourcecode.swift; path = APICoordinator.swift; sourceTree = "<group>"; };
		8F3AFCBE1F1D502500C94917 /* RestuarantsView.xib */ = {isa = PBXFileReference; fileEncoding = 4; lastKnownFileType = file.xib; path = RestuarantsView.xib; sourceTree = "<group>"; };
/* End PBXFileReference section */

/* Begin PBXFrameworksBuildPhase section */
		8F3AFC841F1D443D00C94917 /* Frameworks */ = {
			isa = PBXFrameworksBuildPhase;
			buildActionMask = 2147483647;
			files = (
				B7C9385B082AB7F849ACE7DF /* Pods_ElmenusDemo.framework in Frameworks */,
			);
			runOnlyForDeploymentPostprocessing = 0;
		};
/* End PBXFrameworksBuildPhase section */

/* Begin PBXGroup section */
		087E7A9627248EF96CA5A9E0 /* Pods */ = {
			isa = PBXGroup;
			children = (
				402ECD83EF31352828C8A9B0 /* Pods-ElmenusDemo.debug.xcconfig */,
				2D75EE66D064C86C12535A91 /* Pods-ElmenusDemo.release.xcconfig */,
			);
			name = Pods;
			sourceTree = "<group>";
		};
		8F3AFC7E1F1D443D00C94917 = {
			isa = PBXGroup;
			children = (
				8F3AFC891F1D443D00C94917 /* ElmenusDemo */,
				8F3AFC881F1D443D00C94917 /* Products */,
				087E7A9627248EF96CA5A9E0 /* Pods */,
				C820C3C0C3DA5E43FE5616E1 /* Frameworks */,
			);
			sourceTree = "<group>";
		};
		8F3AFC881F1D443D00C94917 /* Products */ = {
			isa = PBXGroup;
			children = (
				8F3AFC871F1D443D00C94917 /* ElmenusDemo.app */,
			);
			name = Products;
			sourceTree = "<group>";
		};
		8F3AFC891F1D443D00C94917 /* ElmenusDemo */ = {
			isa = PBXGroup;
			children = (
				8F3AFCB91F1D4ECD00C94917 /* ViewModel */,
				8F3AFCB41F1D4D4700C94917 /* Utils */,
				8F3AFC9F1F1D44E600C94917 /* Models */,
				8F3AFC9E1F1D44DD00C94917 /* API */,
				8F3AFC9D1F1D44D300C94917 /* UI */,
				8F3AFC9C1F1D44CB00C94917 /* Resource */,
				8F3AFC8A1F1D443D00C94917 /* AppDelegate.swift */,
				8F3AFC911F1D443D00C94917 /* Assets.xcassets */,
				8F3AFC931F1D443D00C94917 /* LaunchScreen.storyboard */,
				8F3AFC961F1D443D00C94917 /* Info.plist */,
			);
			path = ElmenusDemo;
			sourceTree = "<group>";
		};
		8F3AFC9C1F1D44CB00C94917 /* Resource */ = {
			isa = PBXGroup;
			children = (
			);
			path = Resource;
			sourceTree = "<group>";
		};
		8F3AFC9D1F1D44D300C94917 /* UI */ = {
			isa = PBXGroup;
			children = (
				8F3AFCA21F1D450B00C94917 /* ViewController */,
				8F3AFCA11F1D44FF00C94917 /* Xibs */,
				8F3AFCA01F1D44F300C94917 /* Cells */,
			);
			path = UI;
			sourceTree = "<group>";
		};
		8F3AFC9E1F1D44DD00C94917 /* API */ = {
			isa = PBXGroup;
			children = (
				8F3AFCA71F1D486E00C94917 /* Coordinator */,
				8F3AFCA61F1D485B00C94917 /* Response */,
				8F3AFCA51F1D485100C94917 /* Requests */,
			);
			path = API;
			sourceTree = "<group>";
		};
		8F3AFC9F1F1D44E600C94917 /* Models */ = {
			isa = PBXGroup;
			children = (
				8F3AFCAE1F1D4BFF00C94917 /* Category.swift */,
				8F3AFCB01F1D4C3100C94917 /* SubCategory.swift */,
			);
			path = Models;
			sourceTree = "<group>";
		};
		8F3AFCA01F1D44F300C94917 /* Cells */ = {
			isa = PBXGroup;
			children = (
			);
			path = Cells;
			sourceTree = "<group>";
		};
		8F3AFCA11F1D44FF00C94917 /* Xibs */ = {
			isa = PBXGroup;
			children = (
				8F3AFCBE1F1D502500C94917 /* RestuarantsView.xib */,
			);
			path = Xibs;
			sourceTree = "<group>";
		};
		8F3AFCA21F1D450B00C94917 /* ViewController */ = {
			isa = PBXGroup;
			children = (
				8F3AFCA31F1D451600C94917 /* BaseViewController.swift */,
				8F3AFCAA1F1D48BD00C94917 /* RestuarantsViewController.swift */,
			);
			path = ViewController;
			sourceTree = "<group>";
		};
		8F3AFCA51F1D485100C94917 /* Requests */ = {
			isa = PBXGroup;
			children = (
				8F3AFCB71F1D4E5A00C94917 /* AlmofireRequestExtensions.swift */,
				8F3AFCA81F1D488000C94917 /* BaseRequest.swift */,
				8F3AFCB21F1D4CBF00C94917 /* CategoryRequest.swift */,
			);
			path = Requests;
			sourceTree = "<group>";
		};
		8F3AFCA61F1D485B00C94917 /* Response */ = {
			isa = PBXGroup;
			children = (
				8F3AFCAC1F1D4B7D00C94917 /* CategoryResponse.swift */,
			);
			path = Response;
			sourceTree = "<group>";
		};
		8F3AFCA71F1D486E00C94917 /* Coordinator */ = {
			isa = PBXGroup;
			children = (
				8F3AFCBC1F1D4F0B00C94917 /* APICoordinator.swift */,
			);
			path = Coordinator;
			sourceTree = "<group>";
		};
		8F3AFCB41F1D4D4700C94917 /* Utils */ = {
			isa = PBXGroup;
			children = (
				8F3AFCB51F1D4D6200C94917 /* Utils.swift */,
			);
			path = Utils;
			sourceTree = "<group>";
		};
		8F3AFCB91F1D4ECD00C94917 /* ViewModel */ = {
			isa = PBXGroup;
			children = (
				8F3AFCBA1F1D4ED600C94917 /* ResturantViewModel.swift */,
			);
			path = ViewModel;
			sourceTree = "<group>";
		};
		C820C3C0C3DA5E43FE5616E1 /* Frameworks */ = {
			isa = PBXGroup;
			children = (
				5C591D2E533007A649701393 /* Pods_ElmenusDemo.framework */,
			);
			name = Frameworks;
			sourceTree = "<group>";
		};
/* End PBXGroup section */

/* Begin PBXNativeTarget section */
		8F3AFC861F1D443D00C94917 /* ElmenusDemo */ = {
			isa = PBXNativeTarget;
			buildConfigurationList = 8F3AFC991F1D443D00C94917 /* Build configuration list for PBXNativeTarget "ElmenusDemo" */;
			buildPhases = (
				94D37983843E0E374B9594C9 /* [CP] Check Pods Manifest.lock */,
				8F3AFC831F1D443D00C94917 /* Sources */,
				8F3AFC841F1D443D00C94917 /* Frameworks */,
				8F3AFC851F1D443D00C94917 /* Resources */,
				BE41FD2A1C6AEC445164DB54 /* [CP] Embed Pods Frameworks */,
				E8C8C474C8618A1DDDF29F39 /* [CP] Copy Pods Resources */,
			);
			buildRules = (
			);
			dependencies = (
			);
			name = ElmenusDemo;
			productName = ElmenusDemo;
			productReference = 8F3AFC871F1D443D00C94917 /* ElmenusDemo.app */;
			productType = "com.apple.product-type.application";
		};
/* End PBXNativeTarget section */

/* Begin PBXProject section */
		8F3AFC7F1F1D443D00C94917 /* Project object */ = {
			isa = PBXProject;
			attributes = {
				LastSwiftUpdateCheck = 0820;
				LastUpgradeCheck = 0820;
				ORGANIZATIONNAME = "Bassem Qoulta";
				TargetAttributes = {
					8F3AFC861F1D443D00C94917 = {
						CreatedOnToolsVersion = 8.2.1;
						ProvisioningStyle = Automatic;
					};
				};
			};
			buildConfigurationList = 8F3AFC821F1D443D00C94917 /* Build configuration list for PBXProject "ElmenusDemo" */;
			compatibilityVersion = "Xcode 3.2";
			developmentRegion = English;
			hasScannedForEncodings = 0;
			knownRegions = (
				en,
				Base,
			);
			mainGroup = 8F3AFC7E1F1D443D00C94917;
			productRefGroup = 8F3AFC881F1D443D00C94917 /* Products */;
			projectDirPath = "";
			projectRoot = "";
			targets = (
				8F3AFC861F1D443D00C94917 /* ElmenusDemo */,
			);
		};
/* End PBXProject section */

/* Begin PBXResourcesBuildPhase section */
		8F3AFC851F1D443D00C94917 /* Resources */ = {
			isa = PBXResourcesBuildPhase;
			buildActionMask = 2147483647;
			files = (
				8F3AFC951F1D443D00C94917 /* LaunchScreen.storyboard in Resources */,
				8F3AFC921F1D443D00C94917 /* Assets.xcassets in Resources */,
				8F3AFCBF1F1D502500C94917 /* RestuarantsView.xib in Resources */,
			);
			runOnlyForDeploymentPostprocessing = 0;
		};
/* End PBXResourcesBuildPhase section */

/* Begin PBXShellScriptBuildPhase section */
		94D37983843E0E374B9594C9 /* [CP] Check Pods Manifest.lock */ = {
			isa = PBXShellScriptBuildPhase;
			buildActionMask = 2147483647;
			files = (
			);
			inputPaths = (
			);
			name = "[CP] Check Pods Manifest.lock";
			outputPaths = (
			);
			runOnlyForDeploymentPostprocessing = 0;
			shellPath = /bin/sh;
			shellScript = "diff \"${PODS_ROOT}/../Podfile.lock\" \"${PODS_ROOT}/Manifest.lock\" > /dev/null\nif [[ $? != 0 ]] ; then\n    cat << EOM\nerror: The sandbox is not in sync with the Podfile.lock. Run 'pod install' or update your CocoaPods installation.\nEOM\n    exit 1\nfi\n";
			showEnvVarsInLog = 0;
		};
		BE41FD2A1C6AEC445164DB54 /* [CP] Embed Pods Frameworks */ = {
			isa = PBXShellScriptBuildPhase;
			buildActionMask = 2147483647;
			files = (
			);
			inputPaths = (
			);
			name = "[CP] Embed Pods Frameworks";
			outputPaths = (
			);
			runOnlyForDeploymentPostprocessing = 0;
			shellPath = /bin/sh;
			shellScript = "\"${SRCROOT}/Pods/Target Support Files/Pods-ElmenusDemo/Pods-ElmenusDemo-frameworks.sh\"\n";
			showEnvVarsInLog = 0;
		};
		E8C8C474C8618A1DDDF29F39 /* [CP] Copy Pods Resources */ = {
			isa = PBXShellScriptBuildPhase;
			buildActionMask = 2147483647;
			files = (
			);
			inputPaths = (
			);
			name = "[CP] Copy Pods Resources";
			outputPaths = (
			);
			runOnlyForDeploymentPostprocessing = 0;
			shellPath = /bin/sh;
			shellScript = "\"${SRCROOT}/Pods/Target Support Files/Pods-ElmenusDemo/Pods-ElmenusDemo-resources.sh\"\n";
			showEnvVarsInLog = 0;
		};
/* End PBXShellScriptBuildPhase section */

/* Begin PBXSourcesBuildPhase section */
		8F3AFC831F1D443D00C94917 /* Sources */ = {
			isa = PBXSourcesBuildPhase;
			buildActionMask = 2147483647;
			files = (
				8F3AFCA91F1D488000C94917 /* BaseRequest.swift in Sources */,
				8F3AFCAB1F1D48BD00C94917 /* RestuarantsViewController.swift in Sources */,
				8F3AFCAD1F1D4B7D00C94917 /* CategoryResponse.swift in Sources */,
				8F3AFCB11F1D4C3100C94917 /* SubCategory.swift in Sources */,
				8F3AFCBD1F1D4F0B00C94917 /* APICoordinator.swift in Sources */,
				8F3AFCB61F1D4D6200C94917 /* Utils.swift in Sources */,
				8F3AFC8B1F1D443D00C94917 /* AppDelegate.swift in Sources */,
				8F3AFCB81F1D4E5A00C94917 /* AlmofireRequestExtensions.swift in Sources */,
				8F3AFCA41F1D451600C94917 /* BaseViewController.swift in Sources */,
				8F3AFCAF1F1D4BFF00C94917 /* Category.swift in Sources */,
				8F3AFCB31F1D4CBF00C94917 /* CategoryRequest.swift in Sources */,
				8F3AFCBB1F1D4ED600C94917 /* ResturantViewModel.swift in Sources */,
			);
			runOnlyForDeploymentPostprocessing = 0;
		};
/* End PBXSourcesBuildPhase section */

/* Begin PBXVariantGroup section */
		8F3AFC931F1D443D00C94917 /* LaunchScreen.storyboard */ = {
			isa = PBXVariantGroup;
			children = (
				8F3AFC941F1D443D00C94917 /* Base */,
			);
			name = LaunchScreen.storyboard;
			sourceTree = "<group>";
		};
/* End PBXVariantGroup section */

/* Begin XCBuildConfiguration section */
		8F3AFC971F1D443D00C94917 /* Debug */ = {
			isa = XCBuildConfiguration;
			buildSettings = {
				ALWAYS_SEARCH_USER_PATHS = NO;
				CLANG_ANALYZER_NONNULL = YES;
				CLANG_CXX_LANGUAGE_STANDARD = "gnu++0x";
				CLANG_CXX_LIBRARY = "libc++";
				CLANG_ENABLE_MODULES = YES;
				CLANG_ENABLE_OBJC_ARC = YES;
				CLANG_WARN_BOOL_CONVERSION = YES;
				CLANG_WARN_CONSTANT_CONVERSION = YES;
				CLANG_WARN_DIRECT_OBJC_ISA_USAGE = YES_ERROR;
				CLANG_WARN_DOCUMENTATION_COMMENTS = YES;
				CLANG_WARN_EMPTY_BODY = YES;
				CLANG_WARN_ENUM_CONVERSION = YES;
				CLANG_WARN_INFINITE_RECURSION = YES;
				CLANG_WARN_INT_CONVERSION = YES;
				CLANG_WARN_OBJC_ROOT_CLASS = YES_ERROR;
				CLANG_WARN_SUSPICIOUS_MOVE = YES;
				CLANG_WARN_UNREACHABLE_CODE = YES;
				CLANG_WARN__DUPLICATE_METHOD_MATCH = YES;
				"CODE_SIGN_IDENTITY[sdk=iphoneos*]" = "iPhone Developer";
				COPY_PHASE_STRIP = NO;
				DEBUG_INFORMATION_FORMAT = dwarf;
				ENABLE_STRICT_OBJC_MSGSEND = YES;
				ENABLE_TESTABILITY = YES;
				GCC_C_LANGUAGE_STANDARD = gnu99;
				GCC_DYNAMIC_NO_PIC = NO;
				GCC_NO_COMMON_BLOCKS = YES;
				GCC_OPTIMIZATION_LEVEL = 0;
				GCC_PREPROCESSOR_DEFINITIONS = (
					"DEBUG=1",
					"$(inherited)",
				);
				GCC_WARN_64_TO_32_BIT_CONVERSION = YES;
				GCC_WARN_ABOUT_RETURN_TYPE = YES_ERROR;
				GCC_WARN_UNDECLARED_SELECTOR = YES;
				GCC_WARN_UNINITIALIZED_AUTOS = YES_AGGRESSIVE;
				GCC_WARN_UNUSED_FUNCTION = YES;
				GCC_WARN_UNUSED_VARIABLE = YES;
				IPHONEOS_DEPLOYMENT_TARGET = 10.2;
				MTL_ENABLE_DEBUG_INFO = YES;
				ONLY_ACTIVE_ARCH = YES;
				SDKROOT = iphoneos;
				SWIFT_ACTIVE_COMPILATION_CONDITIONS = DEBUG;
				SWIFT_OPTIMIZATION_LEVEL = "-Onone";
				TARGETED_DEVICE_FAMILY = "1,2";
			};
			name = Debug;
		};
		8F3AFC981F1D443D00C94917 /* Release */ = {
			isa = XCBuildConfiguration;
			buildSettings = {
				ALWAYS_SEARCH_USER_PATHS = NO;
				CLANG_ANALYZER_NONNULL = YES;
				CLANG_CXX_LANGUAGE_STANDARD = "gnu++0x";
				CLANG_CXX_LIBRARY = "libc++";
				CLANG_ENABLE_MODULES = YES;
				CLANG_ENABLE_OBJC_ARC = YES;
				CLANG_WARN_BOOL_CONVERSION = YES;
				CLANG_WARN_CONSTANT_CONVERSION = YES;
				CLANG_WARN_DIRECT_OBJC_ISA_USAGE = YES_ERROR;
				CLANG_WARN_DOCUMENTATION_COMMENTS = YES;
				CLANG_WARN_EMPTY_BODY = YES;
				CLANG_WARN_ENUM_CONVERSION = YES;
				CLANG_WARN_INFINITE_RECURSION = YES;
				CLANG_WARN_INT_CONVERSION = YES;
				CLANG_WARN_OBJC_ROOT_CLASS = YES_ERROR;
				CLANG_WARN_SUSPICIOUS_MOVE = YES;
				CLANG_WARN_UNREACHABLE_CODE = YES;
				CLANG_WARN__DUPLICATE_METHOD_MATCH = YES;
				"CODE_SIGN_IDENTITY[sdk=iphoneos*]" = "iPhone Developer";
				COPY_PHASE_STRIP = NO;
				DEBUG_INFORMATION_FORMAT = "dwarf-with-dsym";
				ENABLE_NS_ASSERTIONS = NO;
				ENABLE_STRICT_OBJC_MSGSEND = YES;
				GCC_C_LANGUAGE_STANDARD = gnu99;
				GCC_NO_COMMON_BLOCKS = YES;
				GCC_WARN_64_TO_32_BIT_CONVERSION = YES;
				GCC_WARN_ABOUT_RETURN_TYPE = YES_ERROR;
				GCC_WARN_UNDECLARED_SELECTOR = YES;
				GCC_WARN_UNINITIALIZED_AUTOS = YES_AGGRESSIVE;
				GCC_WARN_UNUSED_FUNCTION = YES;
				GCC_WARN_UNUSED_VARIABLE = YES;
				IPHONEOS_DEPLOYMENT_TARGET = 10.2;
				MTL_ENABLE_DEBUG_INFO = NO;
				SDKROOT = iphoneos;
				SWIFT_OPTIMIZATION_LEVEL = "-Owholemodule";
				TARGETED_DEVICE_FAMILY = "1,2";
				VALIDATE_PRODUCT = YES;
			};
			name = Release;
		};
		8F3AFC9A1F1D443D00C94917 /* Debug */ = {
			isa = XCBuildConfiguration;
			baseConfigurationReference = 402ECD83EF31352828C8A9B0 /* Pods-ElmenusDemo.debug.xcconfig */;
			buildSettings = {
				ASSETCATALOG_COMPILER_APPICON_NAME = AppIcon;
				INFOPLIST_FILE = ElmenusDemo/Info.plist;
				LD_RUNPATH_SEARCH_PATHS = "$(inherited) @executable_path/Frameworks";
				PRODUCT_BUNDLE_IDENTIFIER = com.get.ElmenusDemo;
				PRODUCT_NAME = "$(TARGET_NAME)";
				SWIFT_VERSION = 3.0;
			};
			name = Debug;
		};
		8F3AFC9B1F1D443D00C94917 /* Release */ = {
			isa = XCBuildConfiguration;
			baseConfigurationReference = 2D75EE66D064C86C12535A91 /* Pods-ElmenusDemo.release.xcconfig */;
			buildSettings = {
				ASSETCATALOG_COMPILER_APPICON_NAME = AppIcon;
				INFOPLIST_FILE = ElmenusDemo/Info.plist;
				LD_RUNPATH_SEARCH_PATHS = "$(inherited) @executable_path/Frameworks";
				PRODUCT_BUNDLE_IDENTIFIER = com.get.ElmenusDemo;
				PRODUCT_NAME = "$(TARGET_NAME)";
				SWIFT_VERSION = 3.0;
			};
			name = Release;
		};
/* End XCBuildConfiguration section */

/* Begin XCConfigurationList section */
		8F3AFC821F1D443D00C94917 /* Build configuration list for PBXProject "ElmenusDemo" */ = {
			isa = XCConfigurationList;
			buildConfigurations = (
				8F3AFC971F1D443D00C94917 /* Debug */,
				8F3AFC981F1D443D00C94917 /* Release */,
			);
			defaultConfigurationIsVisible = 0;
			defaultConfigurationName = Release;
		};
		8F3AFC991F1D443D00C94917 /* Build configuration list for PBXNativeTarget "ElmenusDemo" */ = {
			isa = XCConfigurationList;
			buildConfigurations = (
				8F3AFC9A1F1D443D00C94917 /* Debug */,
				8F3AFC9B1F1D443D00C94917 /* Release */,
			);
			defaultConfigurationIsVisible = 0;
			defaultConfigurationName = Release;
		};
/* End XCConfigurationList section */
	};
	rootObject = 8F3AFC7F1F1D443D00C94917 /* Project object */;
}
